
Microsoft Visual Studio Solution File, Format Version 12.00
Project("{2150E333-8FDC-42A3-9474-1A3956D46DE8}") = "src", "src", "{7130ACE6-6580-4FFE-9983-6EC7ECE06DAD}"
EndProject
Project("{FAE04EC0-301F-11D3-BF4B-00C04F79EFBC}") = "HotelReservation", "src\HotelReservation\HotelReservation.csproj", "{15966684-0BD2-474E-A1E2-E8AC78131D30}"
EndProject
Global
	GlobalSection(SolutionConfigurationPlatforms) = preSolution
		Debug|Any CPU = Debug|Any CPU
		Release|Any CPU = Release|Any CPU
	EndGlobalSection
	GlobalSection(NestedProjects) = preSolution
		{15966684-0BD2-474E-A1E2-E8AC78131D30} = {7130ACE6-6580-4FFE-9983-6EC7ECE06DAD}
	EndGlobalSection
	GlobalSection(ProjectConfigurationPlatforms) = postSolution
		{15966684-0BD2-474E-A1E2-E8AC78131D30}.Debug|Any CPU.ActiveCfg = Debug|Any CPU
		{15966684-0BD2-474E-A1E2-E8AC78131D30}.Debug|Any CPU.Build.0 = Debug|Any CPU
		{15966684-0BD2-474E-A1E2-E8AC78131D30}.Release|Any CPU.ActiveCfg = Release|Any CPU
		{15966684-0BD2-474E-A1E2-E8AC78131D30}.Release|Any CPU.Build.0 = Release|Any CPU
	EndGlobalSection
EndGlobal
